
Microsoft Visual Studio Solution File, Format Version 12.00
# Visual Studio Version 17
VisualStudioVersion = 17.0.31903.59
MinimumVisualStudioVersion = 10.0.40219.1
Project("{9A19103F-16F7-4668-BE54-9A1E7A4F7556}") = "Maui", "Maui\Maui.csproj", "{40E1DD29-1487-45FB-802A-13C6FDF76F8D}"
EndProject
Project("{9A19103F-16F7-4668-BE54-9A1E7A4F7556}") = "Server", "Server\Server.csproj", "{9506859C-ADDC-4823-A692-A11BD2D00D2D}"
EndProject
Project("{9A19103F-16F7-4668-BE54-9A1E7A4F7556}") = "Shared", "Shared\Shared.csproj", "{3B326FA4-7C89-49D6-A101-EA043200A0F7}"
EndProject
Project("{9A19103F-16F7-4668-BE54-9A1E7A4F7556}") = "Wasm", "Wasm\Wasm.csproj", "{562B244D-52CD-4E9E-A37F-5086583A4D9F}"
EndProject
Global
	GlobalSection(SolutionConfigurationPlatforms) = preSolution
		Debug|Any CPU = Debug|Any CPU
		Release|Any CPU = Release|Any CPU
	EndGlobalSection
	GlobalSection(ProjectConfigurationPlatforms) = postSolution
		{40E1DD29-1487-45FB-802A-13C6FDF76F8D}.Debug|Any CPU.ActiveCfg = Debug|Any CPU
		{40E1DD29-1487-45FB-802A-13C6FDF76F8D}.Debug|Any CPU.Build.0 = Debug|Any CPU
		{40E1DD29-1487-45FB-802A-13C6FDF76F8D}.Debug|Any CPU.Deploy.0 = Debug|Any CPU
		{40E1DD29-1487-45FB-802A-13C6FDF76F8D}.Release|Any CPU.ActiveCfg = Release|Any CPU
		{40E1DD29-1487-45FB-802A-13C6FDF76F8D}.Release|Any CPU.Build.0 = Release|Any CPU
		{9506859C-ADDC-4823-A692-A11BD2D00D2D}.Debug|Any CPU.ActiveCfg = Debug|Any CPU
		{9506859C-ADDC-4823-A692-A11BD2D00D2D}.Debug|Any CPU.Build.0 = Debug|Any CPU
		{9506859C-ADDC-4823-A692-A11BD2D00D2D}.Release|Any CPU.ActiveCfg = Release|Any CPU
		{9506859C-ADDC-4823-A692-A11BD2D00D2D}.Release|Any CPU.Build.0 = Release|Any CPU
		{3B326FA4-7C89-49D6-A101-EA043200A0F7}.Debug|Any CPU.ActiveCfg = Debug|Any CPU
		{3B326FA4-7C89-49D6-A101-EA043200A0F7}.Debug|Any CPU.Build.0 = Debug|Any CPU
		{3B326FA4-7C89-49D6-A101-EA043200A0F7}.Release|Any CPU.ActiveCfg = Release|Any CPU
		{3B326FA4-7C89-49D6-A101-EA043200A0F7}.Release|Any CPU.Build.0 = Release|Any CPU
		{562B244D-52CD-4E9E-A37F-5086583A4D9F}.Debug|Any CPU.ActiveCfg = Debug|Any CPU
		{562B244D-52CD-4E9E-A37F-5086583A4D9F}.Debug|Any CPU.Build.0 = Debug|Any CPU
		{562B244D-52CD-4E9E-A37F-5086583A4D9F}.Release|Any CPU.ActiveCfg = Release|Any CPU
		{562B244D-52CD-4E9E-A37F-5086583A4D9F}.Release|Any CPU.Build.0 = Release|Any CPU
	EndGlobalSection
	GlobalSection(SolutionProperties) = preSolution
		HideSolutionNode = FALSE
	EndGlobalSection
EndGlobal
